// !$*UTF8*$!
{
	archiveVersion = 1;
	classes = {
	};
	objectVersion = 45;
	objects = {

/* Begin PBXBuildFile section */
		32D94FC60562CBF700B6AF17 /* RadeonHD.h in Headers */ = {isa = PBXBuildFile; fileRef = 1A224C3EFF42367911CA2CB7 /* RadeonHD.h */; };
		32D94FC80562CBF700B6AF17 /* InfoPlist.strings in Resources */ = {isa = PBXBuildFile; fileRef = 089C167DFE841241C02AAC07 /* InfoPlist.strings */; };
		32D94FCA0562CBF700B6AF17 /* RadeonHD.cpp in Sources */ = {isa = PBXBuildFile; fileRef = 1A224C3FFF42367911CA2CB7 /* RadeonHD.cpp */; settings = {ATTRIBUTES = (); }; };
		F522B2CD1210A0FB005D74D2 /* IOMacOSTypes.h in Headers */ = {isa = PBXBuildFile; fileRef = F522B2C71210A0FB005D74D2 /* IOMacOSTypes.h */; };
		F522B2CE1210A0FB005D74D2 /* IOMacOSVideo.h in Headers */ = {isa = PBXBuildFile; fileRef = F522B2C81210A0FB005D74D2 /* IOMacOSVideo.h */; };
		F522B2CF1210A0FB005D74D2 /* IONDRV.h in Headers */ = {isa = PBXBuildFile; fileRef = F522B2C91210A0FB005D74D2 /* IONDRV.h */; };
		F522B2D01210A0FB005D74D2 /* IONDRVFramebuffer.h in Headers */ = {isa = PBXBuildFile; fileRef = F522B2CA1210A0FB005D74D2 /* IONDRVFramebuffer.h */; };
		F522B2D11210A0FB005D74D2 /* IONDRVLibraries.h in Headers */ = {isa = PBXBuildFile; fileRef = F522B2CB1210A0FB005D74D2 /* IONDRVLibraries.h */; };
		F522B2D21210A0FB005D74D2 /* IONDRVSupport.h in Headers */ = {isa = PBXBuildFile; fileRef = F522B2CC1210A0FB005D74D2 /* IONDRVSupport.h */; };
		F522B2DA1210A10D005D74D2 /* IOMacOSTypes.h in Headers */ = {isa = PBXBuildFile; fileRef = F522B2D41210A10D005D74D2 /* IOMacOSTypes.h */; };
		F522B2DB1210A10D005D74D2 /* IOMacOSVideo.h in Headers */ = {isa = PBXBuildFile; fileRef = F522B2D51210A10D005D74D2 /* IOMacOSVideo.h */; };
		F522B2DC1210A10D005D74D2 /* IONDRV.h in Headers */ = {isa = PBXBuildFile; fileRef = F522B2D61210A10D005D74D2 /* IONDRV.h */; };
		F522B2DD1210A10D005D74D2 /* IONDRVFramebuffer.h in Headers */ = {isa = PBXBuildFile; fileRef = F522B2D71210A10D005D74D2 /* IONDRVFramebuffer.h */; };
		F522B2DE1210A10D005D74D2 /* IONDRVLibraries.h in Headers */ = {isa = PBXBuildFile; fileRef = F522B2D81210A10D005D74D2 /* IONDRVLibraries.h */; };
		F522B2DF1210A10D005D74D2 /* IONDRVSupport.h in Headers */ = {isa = PBXBuildFile; fileRef = F522B2D91210A10D005D74D2 /* IONDRVSupport.h */; };
		F522B2E81210A167005D74D2 /* OS_Version.h in Headers */ = {isa = PBXBuildFile; fileRef = F522B2E71210A167005D74D2 /* OS_Version.h */; };
		F533845A10AA20A600E48CFE /* Decoder.c in Sources */ = {isa = PBXBuildFile; fileRef = F5D7BC92107BF0E2008C5372 /* Decoder.c */; };
		F5D7BD05107BF0E2008C5372 /* atombios_rev.h in Headers */ = {isa = PBXBuildFile; fileRef = F5D7BC9F107BF0E2008C5372 /* atombios_rev.h */; };
		F5D7BD06107BF0E2008C5372 /* r5xx_3dregs.h in Headers */ = {isa = PBXBuildFile; fileRef = F5D7BCA0107BF0E2008C5372 /* r5xx_3dregs.h */; };
		F5D7BD0A107BF0E2008C5372 /* r5xx_regs.h in Headers */ = {isa = PBXBuildFile; fileRef = F5D7BCA4107BF0E2008C5372 /* r5xx_regs.h */; };
		F5D7BD0D107BF0E2008C5372 /* r600_reg.h in Headers */ = {isa = PBXBuildFile; fileRef = F5D7BCA7107BF0E2008C5372 /* r600_reg.h */; };
		F5D7BD0E107BF0E2008C5372 /* r600_reg_auto_r6xx.h in Headers */ = {isa = PBXBuildFile; fileRef = F5D7BCA8107BF0E2008C5372 /* r600_reg_auto_r6xx.h */; };
		F5D7BD0F107BF0E2008C5372 /* r600_reg_r6xx.h in Headers */ = {isa = PBXBuildFile; fileRef = F5D7BCA9107BF0E2008C5372 /* r600_reg_r6xx.h */; };
		F5D7BD10107BF0E2008C5372 /* r600_reg_r7xx.h in Headers */ = {isa = PBXBuildFile; fileRef = F5D7BCAA107BF0E2008C5372 /* r600_reg_r7xx.h */; };
		F5D7BD19107BF0E2008C5372 /* radeon_drm.h in Headers */ = {isa = PBXBuildFile; fileRef = F5D7BCB3107BF0E2008C5372 /* radeon_drm.h */; };
		F5D7BD1C107BF0E2008C5372 /* rhd.h in Headers */ = {isa = PBXBuildFile; fileRef = F5D7BCB6107BF0E2008C5372 /* rhd.h */; };
		F5D7BD1D107BF0E2008C5372 /* rhd_atombios.c in Sources */ = {isa = PBXBuildFile; fileRef = F5D7BCB7107BF0E2008C5372 /* rhd_atombios.c */; };
		F5D7BD1E107BF0E2008C5372 /* rhd_atombios.h in Headers */ = {isa = PBXBuildFile; fileRef = F5D7BCB8107BF0E2008C5372 /* rhd_atombios.h */; };
		F5D7BD1F107BF0E2008C5372 /* rhd_atomcrtc.c in Sources */ = {isa = PBXBuildFile; fileRef = F5D7BCB9107BF0E2008C5372 /* rhd_atomcrtc.c */; };
		F5D7BD20107BF0E2008C5372 /* rhd_atomout.c in Sources */ = {isa = PBXBuildFile; fileRef = F5D7BCBA107BF0E2008C5372 /* rhd_atomout.c */; };
		F5D7BD21107BF0E2008C5372 /* rhd_atomout.h in Headers */ = {isa = PBXBuildFile; fileRef = F5D7BCBB107BF0E2008C5372 /* rhd_atomout.h */; };
		F5D7BD22107BF0E2008C5372 /* rhd_atompll.c in Sources */ = {isa = PBXBuildFile; fileRef = F5D7BCBC107BF0E2008C5372 /* rhd_atompll.c */; };
		F5D7BD23107BF0E2008C5372 /* rhd_atomwrapper.c in Sources */ = {isa = PBXBuildFile; fileRef = F5D7BCBD107BF0E2008C5372 /* rhd_atomwrapper.c */; };
		F5D7BD24107BF0E2008C5372 /* rhd_atomwrapper.h in Headers */ = {isa = PBXBuildFile; fileRef = F5D7BCBE107BF0E2008C5372 /* rhd_atomwrapper.h */; };
		F5D7BD27107BF0E2008C5372 /* rhd_biosscratch.c in Sources */ = {isa = PBXBuildFile; fileRef = F5D7BCC1107BF0E2008C5372 /* rhd_biosscratch.c */; };
		F5D7BD28107BF0E2008C5372 /* rhd_biosscratch.h in Headers */ = {isa = PBXBuildFile; fileRef = F5D7BCC2107BF0E2008C5372 /* rhd_biosscratch.h */; };
		F5D7BD29107BF0E2008C5372 /* rhd_card.h in Headers */ = {isa = PBXBuildFile; fileRef = F5D7BCC3107BF0E2008C5372 /* rhd_card.h */; };
		F5D7BD2A107BF0E2008C5372 /* rhd_connector.c in Sources */ = {isa = PBXBuildFile; fileRef = F5D7BCC4107BF0E2008C5372 /* rhd_connector.c */; };
		F5D7BD2B107BF0E2008C5372 /* rhd_connector.h in Headers */ = {isa = PBXBuildFile; fileRef = F5D7BCC5107BF0E2008C5372 /* rhd_connector.h */; };
		F5D7BD2C107BF0E2008C5372 /* rhd_crtc.c in Sources */ = {isa = PBXBuildFile; fileRef = F5D7BCC6107BF0E2008C5372 /* rhd_crtc.c */; };
		F5D7BD2D107BF0E2008C5372 /* rhd_crtc.h in Headers */ = {isa = PBXBuildFile; fileRef = F5D7BCC7107BF0E2008C5372 /* rhd_crtc.h */; };
		F5D7BD30107BF0E2008C5372 /* rhd_cursor.c in Sources */ = {isa = PBXBuildFile; fileRef = F5D7BCCA107BF0E2008C5372 /* rhd_cursor.c */; };
		F5D7BD31107BF0E2008C5372 /* rhd_cursor.h in Headers */ = {isa = PBXBuildFile; fileRef = F5D7BCCB107BF0E2008C5372 /* rhd_cursor.h */; };
		F5D7BD32107BF0E2008C5372 /* rhd_dac.c in Sources */ = {isa = PBXBuildFile; fileRef = F5D7BCCC107BF0E2008C5372 /* rhd_dac.c */; };
		F5D7BD33107BF0E2008C5372 /* rhd_ddia.c in Sources */ = {isa = PBXBuildFile; fileRef = F5D7BCCD107BF0E2008C5372 /* rhd_ddia.c */; };
		F5D7BD34107BF0E2008C5372 /* rhd_dig.c in Sources */ = {isa = PBXBuildFile; fileRef = F5D7BCCE107BF0E2008C5372 /* rhd_dig.c */; };
		F5D7BD37107BF0E2008C5372 /* rhd_driver.c in Sources */ = {isa = PBXBuildFile; fileRef = F5D7BCD1107BF0E2008C5372 /* rhd_driver.c */; };
		F5D7BD38107BF0E2008C5372 /* rhd_edid.c in Sources */ = {isa = PBXBuildFile; fileRef = F5D7BCD2107BF0E2008C5372 /* rhd_edid.c */; };
		F5D7BD39107BF0E2008C5372 /* rhd_hdmi.c in Sources */ = {isa = PBXBuildFile; fileRef = F5D7BCD3107BF0E2008C5372 /* rhd_hdmi.c */; };
		F5D7BD3A107BF0E2008C5372 /* rhd_hdmi.h in Headers */ = {isa = PBXBuildFile; fileRef = F5D7BCD4107BF0E2008C5372 /* rhd_hdmi.h */; };
		F5D7BD3B107BF0E2008C5372 /* rhd_helper.c in Sources */ = {isa = PBXBuildFile; fileRef = F5D7BCD5107BF0E2008C5372 /* rhd_helper.c */; };
		F5D7BD3C107BF0E2008C5372 /* rhd_i2c.c in Sources */ = {isa = PBXBuildFile; fileRef = F5D7BCD6107BF0E2008C5372 /* rhd_i2c.c */; };
		F5D7BD3D107BF0E2008C5372 /* rhd_i2c.h in Headers */ = {isa = PBXBuildFile; fileRef = F5D7BCD7107BF0E2008C5372 /* rhd_i2c.h */; };
		F5D7BD3E107BF0E2008C5372 /* rhd_id.c in Sources */ = {isa = PBXBuildFile; fileRef = F5D7BCD8107BF0E2008C5372 /* rhd_id.c */; };
		F5D7BD3F107BF0E2008C5372 /* rhd_lut.c in Sources */ = {isa = PBXBuildFile; fileRef = F5D7BCD9107BF0E2008C5372 /* rhd_lut.c */; };
		F5D7BD40107BF0E2008C5372 /* rhd_lut.h in Headers */ = {isa = PBXBuildFile; fileRef = F5D7BCDA107BF0E2008C5372 /* rhd_lut.h */; };
		F5D7BD41107BF0E2008C5372 /* rhd_lvtma.c in Sources */ = {isa = PBXBuildFile; fileRef = F5D7BCDB107BF0E2008C5372 /* rhd_lvtma.c */; };
		F5D7BD42107BF0E2008C5372 /* rhd_mc.c in Sources */ = {isa = PBXBuildFile; fileRef = F5D7BCDC107BF0E2008C5372 /* rhd_mc.c */; };
		F5D7BD43107BF0E2008C5372 /* rhd_mc.h in Headers */ = {isa = PBXBuildFile; fileRef = F5D7BCDD107BF0E2008C5372 /* rhd_mc.h */; };
		F5D7BD44107BF0E2008C5372 /* rhd_modes.c in Sources */ = {isa = PBXBuildFile; fileRef = F5D7BCDE107BF0E2008C5372 /* rhd_modes.c */; };
		F5D7BD45107BF0E2008C5372 /* rhd_modes.h in Headers */ = {isa = PBXBuildFile; fileRef = F5D7BCDF107BF0E2008C5372 /* rhd_modes.h */; };
		F5D7BD46107BF0E2008C5372 /* rhd_monitor.c in Sources */ = {isa = PBXBuildFile; fileRef = F5D7BCE0107BF0E2008C5372 /* rhd_monitor.c */; };
		F5D7BD47107BF0E2008C5372 /* rhd_monitor.h in Headers */ = {isa = PBXBuildFile; fileRef = F5D7BCE1107BF0E2008C5372 /* rhd_monitor.h */; };
		F5D7BD48107BF0E2008C5372 /* rhd_output.c in Sources */ = {isa = PBXBuildFile; fileRef = F5D7BCE2107BF0E2008C5372 /* rhd_output.c */; };
		F5D7BD49107BF0E2008C5372 /* rhd_output.h in Headers */ = {isa = PBXBuildFile; fileRef = F5D7BCE3107BF0E2008C5372 /* rhd_output.h */; };
		F5D7BD4A107BF0E2008C5372 /* rhd_pll.c in Sources */ = {isa = PBXBuildFile; fileRef = F5D7BCE4107BF0E2008C5372 /* rhd_pll.c */; };
		F5D7BD4B107BF0E2008C5372 /* rhd_pll.h in Headers */ = {isa = PBXBuildFile; fileRef = F5D7BCE5107BF0E2008C5372 /* rhd_pll.h */; };
		F5D7BD4C107BF0E2008C5372 /* rhd_pm.c in Sources */ = {isa = PBXBuildFile; fileRef = F5D7BCE6107BF0E2008C5372 /* rhd_pm.c */; };
		F5D7BD4D107BF0E2008C5372 /* rhd_pm.h in Headers */ = {isa = PBXBuildFile; fileRef = F5D7BCE7107BF0E2008C5372 /* rhd_pm.h */; };
		F5D7BD50107BF0E2008C5372 /* rhd_regs.h in Headers */ = {isa = PBXBuildFile; fileRef = F5D7BCEA107BF0E2008C5372 /* rhd_regs.h */; };
		F5D7BD53107BF0E2008C5372 /* rhd_tmds.c in Sources */ = {isa = PBXBuildFile; fileRef = F5D7BCED107BF0E2008C5372 /* rhd_tmds.c */; };
		F5D7BD54107BF0E2008C5372 /* rhd_vga.c in Sources */ = {isa = PBXBuildFile; fileRef = F5D7BCEE107BF0E2008C5372 /* rhd_vga.c */; };
		F5D7BD55107BF0E2008C5372 /* rhd_vga.h in Headers */ = {isa = PBXBuildFile; fileRef = F5D7BCEF107BF0E2008C5372 /* rhd_vga.h */; };
		F5D7BD73107BF22A008C5372 /* ddcPriv.h in Headers */ = {isa = PBXBuildFile; fileRef = F5D7BD68107BF22A008C5372 /* ddcPriv.h */; };
		F5D7BD74107BF22A008C5372 /* edid.c in Sources */ = {isa = PBXBuildFile; fileRef = F5D7BD69107BF22A008C5372 /* edid.c */; };
		F5D7BD75107BF22A008C5372 /* edid.h in Headers */ = {isa = PBXBuildFile; fileRef = F5D7BD6A107BF22A008C5372 /* edid.h */; };
		F5D7BD76107BF22A008C5372 /* interpret_edid.c in Sources */ = {isa = PBXBuildFile; fileRef = F5D7BD6B107BF22A008C5372 /* interpret_edid.c */; };
		F5D7BD77107BF22A008C5372 /* xf86.h in Headers */ = {isa = PBXBuildFile; fileRef = F5D7BD6C107BF22A008C5372 /* xf86.h */; };
		F5D7BD78107BF22A008C5372 /* xf86DDC.c in Sources */ = {isa = PBXBuildFile; fileRef = F5D7BD6D107BF22A008C5372 /* xf86DDC.c */; };
		F5D7BD79107BF22A008C5372 /* xf86DDC.h in Headers */ = {isa = PBXBuildFile; fileRef = F5D7BD6E107BF22A008C5372 /* xf86DDC.h */; };
		F5D7BD7A107BF22A008C5372 /* xf86i2c.c in Sources */ = {isa = PBXBuildFile; fileRef = F5D7BD6F107BF22A008C5372 /* xf86i2c.c */; };
		F5D7BD7B107BF22A008C5372 /* xf86i2c.h in Headers */ = {isa = PBXBuildFile; fileRef = F5D7BD70107BF22A008C5372 /* xf86i2c.h */; };
		F5D7BD7D107BF22A008C5372 /* xf86str.h in Headers */ = {isa = PBXBuildFile; fileRef = F5D7BD72107BF22A008C5372 /* xf86str.h */; };
		F5D7BDD2107C062C008C5372 /* xf86_helper.c in Sources */ = {isa = PBXBuildFile; fileRef = F5D7BDD1107C062C008C5372 /* xf86_helper.c */; };
		F5DABEF610877B0600E72F2B /* xf86Screens.c in Sources */ = {isa = PBXBuildFile; fileRef = F5D7BD71107BF22A008C5372 /* xf86Screens.c */; };
		F5F9C0BC1081078E00071706 /* CD_Operations.c in Sources */ = {isa = PBXBuildFile; fileRef = F5D7BC91107BF0E2008C5372 /* CD_Operations.c */; };
		F5F9C0BE1081078E00071706 /* hwserv_drv.c in Sources */ = {isa = PBXBuildFile; fileRef = F5D7BC93107BF0E2008C5372 /* hwserv_drv.c */; };
		F5F9C0BF1081078E00071706 /* atombios.h in Headers */ = {isa = PBXBuildFile; fileRef = F5D7BC95107BF0E2008C5372 /* atombios.h */; };
		F5F9C0C01081078E00071706 /* CD_binding.h in Headers */ = {isa = PBXBuildFile; fileRef = F5D7BC96107BF0E2008C5372 /* CD_binding.h */; };
		F5F9C0C11081078E00071706 /* CD_Common_Types.h in Headers */ = {isa = PBXBuildFile; fileRef = F5D7BC97107BF0E2008C5372 /* CD_Common_Types.h */; };
		F5F9C0C21081078E00071706 /* CD_Definitions.h in Headers */ = {isa = PBXBuildFile; fileRef = F5D7BC98107BF0E2008C5372 /* CD_Definitions.h */; };
		F5F9C0C31081078E00071706 /* CD_hw_services.h in Headers */ = {isa = PBXBuildFile; fileRef = F5D7BC99107BF0E2008C5372 /* CD_hw_services.h */; };
		F5F9C0C41081078E00071706 /* CD_Opcodes.h in Headers */ = {isa = PBXBuildFile; fileRef = F5D7BC9A107BF0E2008C5372 /* CD_Opcodes.h */; };
		F5F9C0C51081078E00071706 /* CD_Structs.h in Headers */ = {isa = PBXBuildFile; fileRef = F5D7BC9B107BF0E2008C5372 /* CD_Structs.h */; };
		F5F9C0C61081078E00071706 /* Decoder.h in Headers */ = {isa = PBXBuildFile; fileRef = F5D7BC9C107BF0E2008C5372 /* Decoder.h */; };
		F5F9C0C71081078E00071706 /* ObjectID.h in Headers */ = {isa = PBXBuildFile; fileRef = F5D7BC9D107BF0E2008C5372 /* ObjectID.h */; };
		F5F9C0C81081078E00071706 /* regsdef.h in Headers */ = {isa = PBXBuildFile; fileRef = F5D7BC9E107BF0E2008C5372 /* regsdef.h */; };
		F5FD803E1381D22F0021C21F /* RadeonController.h in Headers */ = {isa = PBXBuildFile; fileRef = F5FD803C1381D22F0021C21F /* RadeonController.h */; };
		F5FD803F1381D22F0021C21F /* RadeonController.cpp in Sources */ = {isa = PBXBuildFile; fileRef = F5FD803D1381D22F0021C21F /* RadeonController.cpp */; };
		F5FDC5D91383171F00BA2506 /* logMsg.c in Sources */ = {isa = PBXBuildFile; fileRef = F5FDC5CD1383171F00BA2506 /* logMsg.c */; };
		F5FDC5DA1383171F00BA2506 /* logMsg.h in Headers */ = {isa = PBXBuildFile; fileRef = F5FDC5CE1383171F00BA2506 /* logMsg.h */; };
		F5FDC5DD1383171F00BA2506 /* RadeonDump.cpp in Sources */ = {isa = PBXBuildFile; fileRef = F5FDC5D11383171F00BA2506 /* RadeonDump.cpp */; };
		F5FDC5DF1383171F00BA2506 /* RadeonDump.h in Headers */ = {isa = PBXBuildFile; fileRef = F5FDC5D31383171F00BA2506 /* RadeonDump.h */; };
		F5FDC5E41383171F00BA2506 /* Shared.h in Headers */ = {isa = PBXBuildFile; fileRef = F5FDC5D81383171F00BA2506 /* Shared.h */; };
		F5FDC62613831B5400BA2506 /* RadeonDumpClient.cpp in Sources */ = {isa = PBXBuildFile; fileRef = F5FDC62413831B5400BA2506 /* RadeonDumpClient.cpp */; };
		F5FDC62713831B5400BA2506 /* RadeonDumpClient.h in Headers */ = {isa = PBXBuildFile; fileRef = F5FDC62513831B5400BA2506 /* RadeonDumpClient.h */; };
/* End PBXBuildFile section */

/* Begin PBXFileReference section */
		089C167EFE841241C02AAC07 /* English */ = {isa = PBXFileReference; fileEncoding = 4; lastKnownFileType = text.plist.strings; name = English; path = English.lproj/InfoPlist.strings; sourceTree = "<group>"; };
		1A224C3EFF42367911CA2CB7 /* RadeonHD.h */ = {isa = PBXFileReference; fileEncoding = 4; lastKnownFileType = sourcecode.c.h; path = RadeonHD.h; sourceTree = "<group>"; };
		1A224C3FFF42367911CA2CB7 /* RadeonHD.cpp */ = {isa = PBXFileReference; fileEncoding = 4; lastKnownFileType = sourcecode.cpp.cpp; path = RadeonHD.cpp; sourceTree = "<group>"; };
		32D94FCF0562CBF700B6AF17 /* Info.plist */ = {isa = PBXFileReference; lastKnownFileType = text.plist.xml; path = Info.plist; sourceTree = "<group>"; };
		32D94FD00562CBF700B6AF17 /* RadeonHD.kext */ = {isa = PBXFileReference; explicitFileType = wrapper.cfbundle; includeInIndex = 0; path = RadeonHD.kext; sourceTree = BUILT_PRODUCTS_DIR; };
		8DA8362C06AD9B9200E5AC22 /* Kernel.framework */ = {isa = PBXFileReference; lastKnownFileType = wrapper.framework; name = Kernel.framework; path = /System/Library/Frameworks/Kernel.framework; sourceTree = "<absolute>"; };
		F522B2C71210A0FB005D74D2 /* IOMacOSTypes.h */ = {isa = PBXFileReference; fileEncoding = 4; lastKnownFileType = sourcecode.c.h; path = IOMacOSTypes.h; sourceTree = "<group>"; };
		F522B2C81210A0FB005D74D2 /* IOMacOSVideo.h */ = {isa = PBXFileReference; fileEncoding = 4; lastKnownFileType = sourcecode.c.h; path = IOMacOSVideo.h; sourceTree = "<group>"; };
		F522B2C91210A0FB005D74D2 /* IONDRV.h */ = {isa = PBXFileReference; fileEncoding = 4; lastKnownFileType = sourcecode.c.h; path = IONDRV.h; sourceTree = "<group>"; };
		F522B2CA1210A0FB005D74D2 /* IONDRVFramebuffer.h */ = {isa = PBXFileReference; fileEncoding = 4; lastKnownFileType = sourcecode.c.h; path = IONDRVFramebuffer.h; sourceTree = "<group>"; };
		F522B2CB1210A0FB005D74D2 /* IONDRVLibraries.h */ = {isa = PBXFileReference; fileEncoding = 4; lastKnownFileType = sourcecode.c.h; path = IONDRVLibraries.h; sourceTree = "<group>"; };
		F522B2CC1210A0FB005D74D2 /* IONDRVSupport.h */ = {isa = PBXFileReference; fileEncoding = 4; lastKnownFileType = sourcecode.c.h; path = IONDRVSupport.h; sourceTree = "<group>"; };
		F522B2D41210A10D005D74D2 /* IOMacOSTypes.h */ = {isa = PBXFileReference; fileEncoding = 4; lastKnownFileType = sourcecode.c.h; path = IOMacOSTypes.h; sourceTree = "<group>"; };
		F522B2D51210A10D005D74D2 /* IOMacOSVideo.h */ = {isa = PBXFileReference; fileEncoding = 4; lastKnownFileType = sourcecode.c.h; path = IOMacOSVideo.h; sourceTree = "<group>"; };
		F522B2D61210A10D005D74D2 /* IONDRV.h */ = {isa = PBXFileReference; fileEncoding = 4; lastKnownFileType = sourcecode.c.h; path = IONDRV.h; sourceTree = "<group>"; };
		F522B2D71210A10D005D74D2 /* IONDRVFramebuffer.h */ = {isa = PBXFileReference; fileEncoding = 4; lastKnownFileType = sourcecode.c.h; path = IONDRVFramebuffer.h; sourceTree = "<group>"; };
		F522B2D81210A10D005D74D2 /* IONDRVLibraries.h */ = {isa = PBXFileReference; fileEncoding = 4; lastKnownFileType = sourcecode.c.h; path = IONDRVLibraries.h; sourceTree = "<group>"; };
		F522B2D91210A10D005D74D2 /* IONDRVSupport.h */ = {isa = PBXFileReference; fileEncoding = 4; lastKnownFileType = sourcecode.c.h; path = IONDRVSupport.h; sourceTree = "<group>"; };
		F522B2E71210A167005D74D2 /* OS_Version.h */ = {isa = PBXFileReference; fileEncoding = 4; lastKnownFileType = sourcecode.c.h; path = OS_Version.h; sourceTree = "<group>"; };
		F5D7BC91107BF0E2008C5372 /* CD_Operations.c */ = {isa = PBXFileReference; fileEncoding = 4; lastKnownFileType = sourcecode.c.c; path = CD_Operations.c; sourceTree = "<group>"; };
		F5D7BC92107BF0E2008C5372 /* Decoder.c */ = {isa = PBXFileReference; fileEncoding = 4; lastKnownFileType = sourcecode.c.c; path = Decoder.c; sourceTree = "<group>"; };
		F5D7BC93107BF0E2008C5372 /* hwserv_drv.c */ = {isa = PBXFileReference; fileEncoding = 4; lastKnownFileType = sourcecode.c.c; path = hwserv_drv.c; sourceTree = "<group>"; };
		F5D7BC95107BF0E2008C5372 /* atombios.h */ = {isa = PBXFileReference; fileEncoding = 4; lastKnownFileType = sourcecode.c.h; path = atombios.h; sourceTree = "<group>"; };
		F5D7BC96107BF0E2008C5372 /* CD_binding.h */ = {isa = PBXFileReference; fileEncoding = 4; lastKnownFileType = sourcecode.c.h; path = CD_binding.h; sourceTree = "<group>"; };
		F5D7BC97107BF0E2008C5372 /* CD_Common_Types.h */ = {isa = PBXFileReference; fileEncoding = 4; lastKnownFileType = sourcecode.c.h; path = CD_Common_Types.h; sourceTree = "<group>"; };
		F5D7BC98107BF0E2008C5372 /* CD_Definitions.h */ = {isa = PBXFileReference; fileEncoding = 4; lastKnownFileType = sourcecode.c.h; path = CD_Definitions.h; sourceTree = "<group>"; };
		F5D7BC99107BF0E2008C5372 /* CD_hw_services.h */ = {isa = PBXFileReference; fileEncoding = 4; lastKnownFileType = sourcecode.c.h; path = CD_hw_services.h; sourceTree = "<group>"; };
		F5D7BC9A107BF0E2008C5372 /* CD_Opcodes.h */ = {isa = PBXFileReference; fileEncoding = 4; lastKnownFileType = sourcecode.c.h; path = CD_Opcodes.h; sourceTree = "<group>"; };
		F5D7BC9B107BF0E2008C5372 /* CD_Structs.h */ = {isa = PBXFileReference; fileEncoding = 4; lastKnownFileType = sourcecode.c.h; path = CD_Structs.h; sourceTree = "<group>"; };
		F5D7BC9C107BF0E2008C5372 /* Decoder.h */ = {isa = PBXFileReference; fileEncoding = 4; lastKnownFileType = sourcecode.c.h; path = Decoder.h; sourceTree = "<group>"; };
		F5D7BC9D107BF0E2008C5372 /* ObjectID.h */ = {isa = PBXFileReference; fileEncoding = 4; lastKnownFileType = sourcecode.c.h; path = ObjectID.h; sourceTree = "<group>"; };
		F5D7BC9E107BF0E2008C5372 /* regsdef.h */ = {isa = PBXFileReference; fileEncoding = 4; lastKnownFileType = sourcecode.c.h; path = regsdef.h; sourceTree = "<group>"; };
		F5D7BC9F107BF0E2008C5372 /* atombios_rev.h */ = {isa = PBXFileReference; fileEncoding = 4; lastKnownFileType = sourcecode.c.h; path = atombios_rev.h; sourceTree = "<group>"; };
		F5D7BCA0107BF0E2008C5372 /* r5xx_3dregs.h */ = {isa = PBXFileReference; fileEncoding = 4; lastKnownFileType = sourcecode.c.h; path = r5xx_3dregs.h; sourceTree = "<group>"; };
		F5D7BCA4107BF0E2008C5372 /* r5xx_regs.h */ = {isa = PBXFileReference; fileEncoding = 4; lastKnownFileType = sourcecode.c.h; path = r5xx_regs.h; sourceTree = "<group>"; };
		F5D7BCA7107BF0E2008C5372 /* r600_reg.h */ = {isa = PBXFileReference; fileEncoding = 4; lastKnownFileType = sourcecode.c.h; path = r600_reg.h; sourceTree = "<group>"; };
		F5D7BCA8107BF0E2008C5372 /* r600_reg_auto_r6xx.h */ = {isa = PBXFileReference; fileEncoding = 4; lastKnownFileType = sourcecode.c.h; path = r600_reg_auto_r6xx.h; sourceTree = "<group>"; };
		F5D7BCA9107BF0E2008C5372 /* r600_reg_r6xx.h */ = {isa = PBXFileReference; fileEncoding = 4; lastKnownFileType = sourcecode.c.h; path = r600_reg_r6xx.h; sourceTree = "<group>"; };
		F5D7BCAA107BF0E2008C5372 /* r600_reg_r7xx.h */ = {isa = PBXFileReference; fileEncoding = 4; lastKnownFileType = sourcecode.c.h; path = r600_reg_r7xx.h; sourceTree = "<group>"; };
		F5D7BCB3107BF0E2008C5372 /* radeon_drm.h */ = {isa = PBXFileReference; fileEncoding = 4; lastKnownFileType = sourcecode.c.h; path = radeon_drm.h; sourceTree = "<group>"; };
		F5D7BCB6107BF0E2008C5372 /* rhd.h */ = {isa = PBXFileReference; fileEncoding = 4; lastKnownFileType = sourcecode.c.h; path = rhd.h; sourceTree = "<group>"; };
		F5D7BCB7107BF0E2008C5372 /* rhd_atombios.c */ = {isa = PBXFileReference; fileEncoding = 4; lastKnownFileType = sourcecode.c.c; path = rhd_atombios.c; sourceTree = "<group>"; };
		F5D7BCB8107BF0E2008C5372 /* rhd_atombios.h */ = {isa = PBXFileReference; fileEncoding = 4; lastKnownFileType = sourcecode.c.h; path = rhd_atombios.h; sourceTree = "<group>"; };
		F5D7BCB9107BF0E2008C5372 /* rhd_atomcrtc.c */ = {isa = PBXFileReference; fileEncoding = 4; lastKnownFileType = sourcecode.c.c; path = rhd_atomcrtc.c; sourceTree = "<group>"; };
		F5D7BCBA107BF0E2008C5372 /* rhd_atomout.c */ = {isa = PBXFileReference; fileEncoding = 4; lastKnownFileType = sourcecode.c.c; path = rhd_atomout.c; sourceTree = "<group>"; };
		F5D7BCBB107BF0E2008C5372 /* rhd_atomout.h */ = {isa = PBXFileReference; fileEncoding = 4; lastKnownFileType = sourcecode.c.h; path = rhd_atomout.h; sourceTree = "<group>"; };
		F5D7BCBC107BF0E2008C5372 /* rhd_atompll.c */ = {isa = PBXFileReference; fileEncoding = 4; lastKnownFileType = sourcecode.c.c; path = rhd_atompll.c; sourceTree = "<group>"; };
		F5D7BCBD107BF0E2008C5372 /* rhd_atomwrapper.c */ = {isa = PBXFileReference; fileEncoding = 4; lastKnownFileType = sourcecode.c.c; path = rhd_atomwrapper.c; sourceTree = "<group>"; };
		F5D7BCBE107BF0E2008C5372 /* rhd_atomwrapper.h */ = {isa = PBXFileReference; fileEncoding = 4; lastKnownFileType = sourcecode.c.h; path = rhd_atomwrapper.h; sourceTree = "<group>"; };
		F5D7BCBF107BF0E2008C5372 /* rhd_audio.c */ = {isa = PBXFileReference; fileEncoding = 4; lastKnownFileType = sourcecode.c.c; path = rhd_audio.c; sourceTree = "<group>"; };
		F5D7BCC0107BF0E2008C5372 /* rhd_audio.h */ = {isa = PBXFileReference; fileEncoding = 4; lastKnownFileType = sourcecode.c.h; path = rhd_audio.h; sourceTree = "<group>"; };
		F5D7BCC1107BF0E2008C5372 /* rhd_biosscratch.c */ = {isa = PBXFileReference; fileEncoding = 4; lastKnownFileType = sourcecode.c.c; path = rhd_biosscratch.c; sourceTree = "<group>"; };
		F5D7BCC2107BF0E2008C5372 /* rhd_biosscratch.h */ = {isa = PBXFileReference; fileEncoding = 4; lastKnownFileType = sourcecode.c.h; path = rhd_biosscratch.h; sourceTree = "<group>"; };
		F5D7BCC3107BF0E2008C5372 /* rhd_card.h */ = {isa = PBXFileReference; fileEncoding = 4; lastKnownFileType = sourcecode.c.h; path = rhd_card.h; sourceTree = "<group>"; };
		F5D7BCC4107BF0E2008C5372 /* rhd_connector.c */ = {isa = PBXFileReference; fileEncoding = 4; lastKnownFileType = sourcecode.c.c; path = rhd_connector.c; sourceTree = "<group>"; };
		F5D7BCC5107BF0E2008C5372 /* rhd_connector.h */ = {isa = PBXFileReference; fileEncoding = 4; lastKnownFileType = sourcecode.c.h; path = rhd_connector.h; sourceTree = "<group>"; };
		F5D7BCC6107BF0E2008C5372 /* rhd_crtc.c */ = {isa = PBXFileReference; fileEncoding = 4; lastKnownFileType = sourcecode.c.c; path = rhd_crtc.c; sourceTree = "<group>"; };
		F5D7BCC7107BF0E2008C5372 /* rhd_crtc.h */ = {isa = PBXFileReference; fileEncoding = 4; lastKnownFileType = sourcecode.c.h; path = rhd_crtc.h; sourceTree = "<group>"; };
		F5D7BCCA107BF0E2008C5372 /* rhd_cursor.c */ = {isa = PBXFileReference; fileEncoding = 4; lastKnownFileType = sourcecode.c.c; path = rhd_cursor.c; sourceTree = "<group>"; };
		F5D7BCCB107BF0E2008C5372 /* rhd_cursor.h */ = {isa = PBXFileReference; fileEncoding = 4; lastKnownFileType = sourcecode.c.h; path = rhd_cursor.h; sourceTree = "<group>"; };
		F5D7BCCC107BF0E2008C5372 /* rhd_dac.c */ = {isa = PBXFileReference; fileEncoding = 4; lastKnownFileType = sourcecode.c.c; path = rhd_dac.c; sourceTree = "<group>"; };
		F5D7BCCD107BF0E2008C5372 /* rhd_ddia.c */ = {isa = PBXFileReference; fileEncoding = 4; lastKnownFileType = sourcecode.c.c; path = rhd_ddia.c; sourceTree = "<group>"; };
		F5D7BCCE107BF0E2008C5372 /* rhd_dig.c */ = {isa = PBXFileReference; fileEncoding = 4; lastKnownFileType = sourcecode.c.c; path = rhd_dig.c; sourceTree = "<group>"; };
		F5D7BCD1107BF0E2008C5372 /* rhd_driver.c */ = {isa = PBXFileReference; fileEncoding = 4; lastKnownFileType = sourcecode.c.c; path = rhd_driver.c; sourceTree = "<group>"; };
		F5D7BCD2107BF0E2008C5372 /* rhd_edid.c */ = {isa = PBXFileReference; fileEncoding = 4; lastKnownFileType = sourcecode.c.c; path = rhd_edid.c; sourceTree = "<group>"; };
		F5D7BCD3107BF0E2008C5372 /* rhd_hdmi.c */ = {isa = PBXFileReference; fileEncoding = 4; lastKnownFileType = sourcecode.c.c; path = rhd_hdmi.c; sourceTree = "<group>"; };
		F5D7BCD4107BF0E2008C5372 /* rhd_hdmi.h */ = {isa = PBXFileReference; fileEncoding = 4; lastKnownFileType = sourcecode.c.h; path = rhd_hdmi.h; sourceTree = "<group>"; };
		F5D7BCD5107BF0E2008C5372 /* rhd_helper.c */ = {isa = PBXFileReference; fileEncoding = 4; lastKnownFileType = sourcecode.c.c; path = rhd_helper.c; sourceTree = "<group>"; };
		F5D7BCD6107BF0E2008C5372 /* rhd_i2c.c */ = {isa = PBXFileReference; fileEncoding = 4; lastKnownFileType = sourcecode.c.c; path = rhd_i2c.c; sourceTree = "<group>"; };
		F5D7BCD7107BF0E2008C5372 /* rhd_i2c.h */ = {isa = PBXFileReference; fileEncoding = 4; lastKnownFileType = sourcecode.c.h; path = rhd_i2c.h; sourceTree = "<group>"; };
		F5D7BCD8107BF0E2008C5372 /* rhd_id.c */ = {isa = PBXFileReference; fileEncoding = 4; lastKnownFileType = sourcecode.c.c; path = rhd_id.c; sourceTree = "<group>"; };
		F5D7BCD9107BF0E2008C5372 /* rhd_lut.c */ = {isa = PBXFileReference; fileEncoding = 4; lastKnownFileType = sourcecode.c.c; path = rhd_lut.c; sourceTree = "<group>"; };
		F5D7BCDA107BF0E2008C5372 /* rhd_lut.h */ = {isa = PBXFileReference; fileEncoding = 4; lastKnownFileType = sourcecode.c.h; path = rhd_lut.h; sourceTree = "<group>"; };
		F5D7BCDB107BF0E2008C5372 /* rhd_lvtma.c */ = {isa = PBXFileReference; fileEncoding = 4; lastKnownFileType = sourcecode.c.c; path = rhd_lvtma.c; sourceTree = "<group>"; };
		F5D7BCDC107BF0E2008C5372 /* rhd_mc.c */ = {isa = PBXFileReference; fileEncoding = 4; lastKnownFileType = sourcecode.c.c; path = rhd_mc.c; sourceTree = "<group>"; };
		F5D7BCDD107BF0E2008C5372 /* rhd_mc.h */ = {isa = PBXFileReference; fileEncoding = 4; lastKnownFileType = sourcecode.c.h; path = rhd_mc.h; sourceTree = "<group>"; };
		F5D7BCDE107BF0E2008C5372 /* rhd_modes.c */ = {isa = PBXFileReference; fileEncoding = 4; lastKnownFileType = sourcecode.c.c; path = rhd_modes.c; sourceTree = "<group>"; };
		F5D7BCDF107BF0E2008C5372 /* rhd_modes.h */ = {isa = PBXFileReference; fileEncoding = 4; lastKnownFileType = sourcecode.c.h; path = rhd_modes.h; sourceTree = "<group>"; };
		F5D7BCE0107BF0E2008C5372 /* rhd_monitor.c */ = {isa = PBXFileReference; fileEncoding = 4; lastKnownFileType = sourcecode.c.c; path = rhd_monitor.c; sourceTree = "<group>"; };
		F5D7BCE1107BF0E2008C5372 /* rhd_monitor.h */ = {isa = PBXFileReference; fileEncoding = 4; lastKnownFileType = sourcecode.c.h; path = rhd_monitor.h; sourceTree = "<group>"; };
		F5D7BCE2107BF0E2008C5372 /* rhd_output.c */ = {isa = PBXFileReference; fileEncoding = 4; lastKnownFileType = sourcecode.c.c; path = rhd_output.c; sourceTree = "<group>"; };
		F5D7BCE3107BF0E2008C5372 /* rhd_output.h */ = {isa = PBXFileReference; fileEncoding = 4; lastKnownFileType = sourcecode.c.h; path = rhd_output.h; sourceTree = "<group>"; };
		F5D7BCE4107BF0E2008C5372 /* rhd_pll.c */ = {isa = PBXFileReference; fileEncoding = 4; lastKnownFileType = sourcecode.c.c; path = rhd_pll.c; sourceTree = "<group>"; };
		F5D7BCE5107BF0E2008C5372 /* rhd_pll.h */ = {isa = PBXFileReference; fileEncoding = 4; lastKnownFileType = sourcecode.c.h; path = rhd_pll.h; sourceTree = "<group>"; };
		F5D7BCE6107BF0E2008C5372 /* rhd_pm.c */ = {isa = PBXFileReference; fileEncoding = 4; lastKnownFileType = sourcecode.c.c; path = rhd_pm.c; sourceTree = "<group>"; };
		F5D7BCE7107BF0E2008C5372 /* rhd_pm.h */ = {isa = PBXFileReference; fileEncoding = 4; lastKnownFileType = sourcecode.c.h; path = rhd_pm.h; sourceTree = "<group>"; };
		F5D7BCEA107BF0E2008C5372 /* rhd_regs.h */ = {isa = PBXFileReference; fileEncoding = 4; lastKnownFileType = sourcecode.c.h; path = rhd_regs.h; sourceTree = "<group>"; };
		F5D7BCED107BF0E2008C5372 /* rhd_tmds.c */ = {isa = PBXFileReference; fileEncoding = 4; lastKnownFileType = sourcecode.c.c; path = rhd_tmds.c; sourceTree = "<group>"; };
		F5D7BCEE107BF0E2008C5372 /* rhd_vga.c */ = {isa = PBXFileReference; fileEncoding = 4; lastKnownFileType = sourcecode.c.c; path = rhd_vga.c; sourceTree = "<group>"; };
		F5D7BCEF107BF0E2008C5372 /* rhd_vga.h */ = {isa = PBXFileReference; fileEncoding = 4; lastKnownFileType = sourcecode.c.h; path = rhd_vga.h; sourceTree = "<group>"; };
		F5D7BD68107BF22A008C5372 /* ddcPriv.h */ = {isa = PBXFileReference; fileEncoding = 4; lastKnownFileType = sourcecode.c.h; path = ddcPriv.h; sourceTree = "<group>"; };
		F5D7BD69107BF22A008C5372 /* edid.c */ = {isa = PBXFileReference; fileEncoding = 4; lastKnownFileType = sourcecode.c.c; path = edid.c; sourceTree = "<group>"; };
		F5D7BD6A107BF22A008C5372 /* edid.h */ = {isa = PBXFileReference; fileEncoding = 4; lastKnownFileType = sourcecode.c.h; path = edid.h; sourceTree = "<group>"; };
		F5D7BD6B107BF22A008C5372 /* interpret_edid.c */ = {isa = PBXFileReference; fileEncoding = 4; lastKnownFileType = sourcecode.c.c; path = interpret_edid.c; sourceTree = "<group>"; };
		F5D7BD6C107BF22A008C5372 /* xf86.h */ = {isa = PBXFileReference; fileEncoding = 4; lastKnownFileType = sourcecode.c.h; path = xf86.h; sourceTree = "<group>"; };
		F5D7BD6D107BF22A008C5372 /* xf86DDC.c */ = {isa = PBXFileReference; fileEncoding = 4; lastKnownFileType = sourcecode.c.c; path = xf86DDC.c; sourceTree = "<group>"; };
		F5D7BD6E107BF22A008C5372 /* xf86DDC.h */ = {isa = PBXFileReference; fileEncoding = 4; lastKnownFileType = sourcecode.c.h; path = xf86DDC.h; sourceTree = "<group>"; };
		F5D7BD6F107BF22A008C5372 /* xf86i2c.c */ = {isa = PBXFileReference; fileEncoding = 4; lastKnownFileType = sourcecode.c.c; path = xf86i2c.c; sourceTree = "<group>"; };
		F5D7BD70107BF22A008C5372 /* xf86i2c.h */ = {isa = PBXFileReference; fileEncoding = 4; lastKnownFileType = sourcecode.c.h; path = xf86i2c.h; sourceTree = "<group>"; };
		F5D7BD71107BF22A008C5372 /* xf86Screens.c */ = {isa = PBXFileReference; fileEncoding = 4; lastKnownFileType = sourcecode.c.c; path = xf86Screens.c; sourceTree = "<group>"; };
		F5D7BD72107BF22A008C5372 /* xf86str.h */ = {isa = PBXFileReference; fileEncoding = 4; lastKnownFileType = sourcecode.c.h; path = xf86str.h; sourceTree = "<group>"; };
		F5D7BDD1107C062C008C5372 /* xf86_helper.c */ = {isa = PBXFileReference; fileEncoding = 4; lastKnownFileType = sourcecode.c.c; path = xf86_helper.c; sourceTree = "<group>"; };
		F5FD803C1381D22F0021C21F /* RadeonController.h */ = {isa = PBXFileReference; fileEncoding = 4; lastKnownFileType = sourcecode.c.h; path = RadeonController.h; sourceTree = "<group>"; };
		F5FD803D1381D22F0021C21F /* RadeonController.cpp */ = {isa = PBXFileReference; fileEncoding = 4; lastKnownFileType = sourcecode.cpp.cpp; path = RadeonController.cpp; sourceTree = "<group>"; };
		F5FDC5CD1383171F00BA2506 /* logMsg.c */ = {isa = PBXFileReference; fileEncoding = 4; lastKnownFileType = sourcecode.c.c; path = logMsg.c; sourceTree = "<group>"; };
		F5FDC5CE1383171F00BA2506 /* logMsg.h */ = {isa = PBXFileReference; fileEncoding = 4; lastKnownFileType = sourcecode.c.h; path = logMsg.h; sourceTree = "<group>"; };
		F5FDC5D01383171F00BA2506 /* RadeonDump.c */ = {isa = PBXFileReference; fileEncoding = 4; lastKnownFileType = sourcecode.c.c; path = RadeonDump.c; sourceTree = "<group>"; };
		F5FDC5D11383171F00BA2506 /* RadeonDump.cpp */ = {isa = PBXFileReference; fileEncoding = 4; lastKnownFileType = sourcecode.cpp.cpp; path = RadeonDump.cpp; sourceTree = "<group>"; };
		F5FDC5D31383171F00BA2506 /* RadeonDump.h */ = {isa = PBXFileReference; fileEncoding = 4; lastKnownFileType = sourcecode.c.h; path = RadeonDump.h; sourceTree = "<group>"; };
		F5FDC5D81383171F00BA2506 /* Shared.h */ = {isa = PBXFileReference; fileEncoding = 4; lastKnownFileType = sourcecode.c.h; path = Shared.h; sourceTree = "<group>"; };
		F5FDC62413831B5400BA2506 /* RadeonDumpClient.cpp */ = {isa = PBXFileReference; fileEncoding = 4; lastKnownFileType = sourcecode.cpp.cpp; path = RadeonDumpClient.cpp; sourceTree = "<group>"; };
		F5FDC62513831B5400BA2506 /* RadeonDumpClient.h */ = {isa = PBXFileReference; fileEncoding = 4; lastKnownFileType = sourcecode.c.h; path = RadeonDumpClient.h; sourceTree = "<group>"; };
/* End PBXFileReference section */

/* Begin PBXFrameworksBuildPhase section */
		32D94FCB0562CBF700B6AF17 /* Frameworks */ = {
			isa = PBXFrameworksBuildPhase;
			buildActionMask = 2147483647;
			files = (
			);
			runOnlyForDeploymentPostprocessing = 0;
		};
/* End PBXFrameworksBuildPhase section */

/* Begin PBXGroup section */
		089C166AFE841209C02AAC07 /* RadeonHD */ = {
			isa = PBXGroup;
			children = (
				247142CAFF3F8F9811CA285C /* Source */,
				8DA8362C06AD9B9200E5AC22 /* Kernel.framework */,
				089C167CFE841241C02AAC07 /* Resources */,
				19C28FB6FE9D52B211CA2CBB /* Products */,
			);
			name = RadeonHD;
			sourceTree = "<group>";
		};
		089C167CFE841241C02AAC07 /* Resources */ = {
			isa = PBXGroup;
			children = (
				32D94FCF0562CBF700B6AF17 /* Info.plist */,
				089C167DFE841241C02AAC07 /* InfoPlist.strings */,
			);
			name = Resources;
			sourceTree = "<group>";
		};
		19C28FB6FE9D52B211CA2CBB /* Products */ = {
			isa = PBXGroup;
			children = (
				32D94FD00562CBF700B6AF17 /* RadeonHD.kext */,
			);
			name = Products;
			sourceTree = "<group>";
		};
		247142CAFF3F8F9811CA285C /* Source */ = {
			isa = PBXGroup;
			children = (
				F5D7BC87107BF0E2008C5372 /* IOKit */,
				F5D7BC8F107BF0E2008C5372 /* rhd */,
				F5FDC5CC1383171F00BA2506 /* log */,
				F522B2E71210A167005D74D2 /* OS_Version.h */,
				1A224C3EFF42367911CA2CB7 /* RadeonHD.h */,
				1A224C3FFF42367911CA2CB7 /* RadeonHD.cpp */,
				F5FD803C1381D22F0021C21F /* RadeonController.h */,
				F5FD803D1381D22F0021C21F /* RadeonController.cpp */,
			);
			name = Source;
			sourceTree = "<group>";
		};
		F522B2C61210A0FB005D74D2 /* 10.5 */ = {
			isa = PBXGroup;
			children = (
				F522B2C71210A0FB005D74D2 /* IOMacOSTypes.h */,
				F522B2C81210A0FB005D74D2 /* IOMacOSVideo.h */,
				F522B2C91210A0FB005D74D2 /* IONDRV.h */,
				F522B2CA1210A0FB005D74D2 /* IONDRVFramebuffer.h */,
				F522B2CB1210A0FB005D74D2 /* IONDRVLibraries.h */,
				F522B2CC1210A0FB005D74D2 /* IONDRVSupport.h */,
			);
			path = 10.5;
			sourceTree = "<group>";
		};
		F522B2D31210A10D005D74D2 /* 10.6 */ = {
			isa = PBXGroup;
			children = (
				F522B2D41210A10D005D74D2 /* IOMacOSTypes.h */,
				F522B2D51210A10D005D74D2 /* IOMacOSVideo.h */,
				F522B2D61210A10D005D74D2 /* IONDRV.h */,
				F522B2D71210A10D005D74D2 /* IONDRVFramebuffer.h */,
				F522B2D81210A10D005D74D2 /* IONDRVLibraries.h */,
				F522B2D91210A10D005D74D2 /* IONDRVSupport.h */,
			);
			path = 10.6;
			sourceTree = "<group>";
		};
		F5D7BC87107BF0E2008C5372 /* IOKit */ = {
			isa = PBXGroup;
			children = (
				F522B2C61210A0FB005D74D2 /* 10.5 */,
				F522B2D31210A10D005D74D2 /* 10.6 */,
			);
			path = IOKit;
			sourceTree = "<group>";
		};
		F5D7BC8F107BF0E2008C5372 /* rhd */ = {
			isa = PBXGroup;
			children = (
				F5D7BD67107BF22A008C5372 /* xf86 */,
				F5D7BC90107BF0E2008C5372 /* AtomBios */,
				F5D7BC9F107BF0E2008C5372 /* atombios_rev.h */,
				F5D7BCA0107BF0E2008C5372 /* r5xx_3dregs.h */,
				F5D7BCA4107BF0E2008C5372 /* r5xx_regs.h */,
				F5D7BCA7107BF0E2008C5372 /* r600_reg.h */,
				F5D7BCA8107BF0E2008C5372 /* r600_reg_auto_r6xx.h */,
				F5D7BCA9107BF0E2008C5372 /* r600_reg_r6xx.h */,
				F5D7BCAA107BF0E2008C5372 /* r600_reg_r7xx.h */,
				F5D7BCB3107BF0E2008C5372 /* radeon_drm.h */,
				F5D7BCB6107BF0E2008C5372 /* rhd.h */,
				F5D7BCB7107BF0E2008C5372 /* rhd_atombios.c */,
				F5D7BCB8107BF0E2008C5372 /* rhd_atombios.h */,
				F5D7BCB9107BF0E2008C5372 /* rhd_atomcrtc.c */,
				F5D7BCBA107BF0E2008C5372 /* rhd_atomout.c */,
				F5D7BCBB107BF0E2008C5372 /* rhd_atomout.h */,
				F5D7BCBC107BF0E2008C5372 /* rhd_atompll.c */,
				F5D7BCBD107BF0E2008C5372 /* rhd_atomwrapper.c */,
				F5D7BCBE107BF0E2008C5372 /* rhd_atomwrapper.h */,
				F5D7BCBF107BF0E2008C5372 /* rhd_audio.c */,
				F5D7BCC0107BF0E2008C5372 /* rhd_audio.h */,
				F5D7BCC1107BF0E2008C5372 /* rhd_biosscratch.c */,
				F5D7BCC2107BF0E2008C5372 /* rhd_biosscratch.h */,
				F5D7BCC3107BF0E2008C5372 /* rhd_card.h */,
				F5D7BCC4107BF0E2008C5372 /* rhd_connector.c */,
				F5D7BCC5107BF0E2008C5372 /* rhd_connector.h */,
				F5D7BCC6107BF0E2008C5372 /* rhd_crtc.c */,
				F5D7BCC7107BF0E2008C5372 /* rhd_crtc.h */,
				F5D7BCCA107BF0E2008C5372 /* rhd_cursor.c */,
				F5D7BCCB107BF0E2008C5372 /* rhd_cursor.h */,
				F5D7BCCC107BF0E2008C5372 /* rhd_dac.c */,
				F5D7BCCD107BF0E2008C5372 /* rhd_ddia.c */,
				F5D7BCCE107BF0E2008C5372 /* rhd_dig.c */,
				F5D7BCD1107BF0E2008C5372 /* rhd_driver.c */,
				F5D7BCD2107BF0E2008C5372 /* rhd_edid.c */,
				F5D7BCD3107BF0E2008C5372 /* rhd_hdmi.c */,
				F5D7BCD4107BF0E2008C5372 /* rhd_hdmi.h */,
				F5D7BCD5107BF0E2008C5372 /* rhd_helper.c */,
				F5D7BCD6107BF0E2008C5372 /* rhd_i2c.c */,
				F5D7BCD7107BF0E2008C5372 /* rhd_i2c.h */,
				F5D7BCD8107BF0E2008C5372 /* rhd_id.c */,
				F5D7BCD9107BF0E2008C5372 /* rhd_lut.c */,
				F5D7BCDA107BF0E2008C5372 /* rhd_lut.h */,
				F5D7BCDB107BF0E2008C5372 /* rhd_lvtma.c */,
				F5D7BCDC107BF0E2008C5372 /* rhd_mc.c */,
				F5D7BCDD107BF0E2008C5372 /* rhd_mc.h */,
				F5D7BCDE107BF0E2008C5372 /* rhd_modes.c */,
				F5D7BCDF107BF0E2008C5372 /* rhd_modes.h */,
				F5D7BCE0107BF0E2008C5372 /* rhd_monitor.c */,
				F5D7BCE1107BF0E2008C5372 /* rhd_monitor.h */,
				F5D7BCE2107BF0E2008C5372 /* rhd_output.c */,
				F5D7BCE3107BF0E2008C5372 /* rhd_output.h */,
				F5D7BCE4107BF0E2008C5372 /* rhd_pll.c */,
				F5D7BCE5107BF0E2008C5372 /* rhd_pll.h */,
				F5D7BCE6107BF0E2008C5372 /* rhd_pm.c */,
				F5D7BCE7107BF0E2008C5372 /* rhd_pm.h */,
				F5D7BCEA107BF0E2008C5372 /* rhd_regs.h */,
				F5D7BCED107BF0E2008C5372 /* rhd_tmds.c */,
				F5D7BCEE107BF0E2008C5372 /* rhd_vga.c */,
				F5D7BCEF107BF0E2008C5372 /* rhd_vga.h */,
			);
			path = rhd;
			sourceTree = "<group>";
		};
		F5D7BC90107BF0E2008C5372 /* AtomBios */ = {
			isa = PBXGroup;
			children = (
				F5D7BC91107BF0E2008C5372 /* CD_Operations.c */,
				F5D7BC92107BF0E2008C5372 /* Decoder.c */,
				F5D7BC93107BF0E2008C5372 /* hwserv_drv.c */,
				F5D7BC94107BF0E2008C5372 /* includes */,
			);
			path = AtomBios;
			sourceTree = "<group>";
		};
		F5D7BC94107BF0E2008C5372 /* includes */ = {
			isa = PBXGroup;
			children = (
				F5D7BC95107BF0E2008C5372 /* atombios.h */,
				F5D7BC96107BF0E2008C5372 /* CD_binding.h */,
				F5D7BC97107BF0E2008C5372 /* CD_Common_Types.h */,
				F5D7BC98107BF0E2008C5372 /* CD_Definitions.h */,
				F5D7BC99107BF0E2008C5372 /* CD_hw_services.h */,
				F5D7BC9A107BF0E2008C5372 /* CD_Opcodes.h */,
				F5D7BC9B107BF0E2008C5372 /* CD_Structs.h */,
				F5D7BC9C107BF0E2008C5372 /* Decoder.h */,
				F5D7BC9D107BF0E2008C5372 /* ObjectID.h */,
				F5D7BC9E107BF0E2008C5372 /* regsdef.h */,
			);
			path = includes;
			sourceTree = "<group>";
		};
		F5D7BD67107BF22A008C5372 /* xf86 */ = {
			isa = PBXGroup;
			children = (
				F5D7BD68107BF22A008C5372 /* ddcPriv.h */,
				F5D7BD69107BF22A008C5372 /* edid.c */,
				F5D7BD6A107BF22A008C5372 /* edid.h */,
				F5D7BD6B107BF22A008C5372 /* interpret_edid.c */,
				F5D7BD6C107BF22A008C5372 /* xf86.h */,
				F5D7BD6D107BF22A008C5372 /* xf86DDC.c */,
				F5D7BD6E107BF22A008C5372 /* xf86DDC.h */,
				F5D7BD6F107BF22A008C5372 /* xf86i2c.c */,
				F5D7BD70107BF22A008C5372 /* xf86i2c.h */,
				F5D7BD71107BF22A008C5372 /* xf86Screens.c */,
				F5D7BD72107BF22A008C5372 /* xf86str.h */,
				F5D7BDD1107C062C008C5372 /* xf86_helper.c */,
			);
			path = xf86;
			sourceTree = "<group>";
		};
		F5FDC5CC1383171F00BA2506 /* log */ = {
			isa = PBXGroup;
			children = (
				F5FDC5CD1383171F00BA2506 /* logMsg.c */,
				F5FDC5CE1383171F00BA2506 /* logMsg.h */,
				F5FDC5D01383171F00BA2506 /* RadeonDump.c */,
				F5FDC5D11383171F00BA2506 /* RadeonDump.cpp */,
				F5FDC5D31383171F00BA2506 /* RadeonDump.h */,
				F5FDC62413831B5400BA2506 /* RadeonDumpClient.cpp */,
				F5FDC62513831B5400BA2506 /* RadeonDumpClient.h */,
				F5FDC5D81383171F00BA2506 /* Shared.h */,
			);
			path = log;
			sourceTree = "<group>";
		};
/* End PBXGroup section */

/* Begin PBXHeadersBuildPhase section */
		32D94FC50562CBF700B6AF17 /* Headers */ = {
			isa = PBXHeadersBuildPhase;
			buildActionMask = 2147483647;
			files = (
				32D94FC60562CBF700B6AF17 /* RadeonHD.h in Headers */,
				F5D7BD05107BF0E2008C5372 /* atombios_rev.h in Headers */,
				F5D7BD06107BF0E2008C5372 /* r5xx_3dregs.h in Headers */,
				F5D7BD0A107BF0E2008C5372 /* r5xx_regs.h in Headers */,
				F5D7BD0D107BF0E2008C5372 /* r600_reg.h in Headers */,
				F5D7BD0E107BF0E2008C5372 /* r600_reg_auto_r6xx.h in Headers */,
				F5D7BD0F107BF0E2008C5372 /* r600_reg_r6xx.h in Headers */,
				F5D7BD10107BF0E2008C5372 /* r600_reg_r7xx.h in Headers */,
				F5D7BD19107BF0E2008C5372 /* radeon_drm.h in Headers */,
				F5D7BD1C107BF0E2008C5372 /* rhd.h in Headers */,
				F5D7BD1E107BF0E2008C5372 /* rhd_atombios.h in Headers */,
				F5D7BD21107BF0E2008C5372 /* rhd_atomout.h in Headers */,
				F5D7BD24107BF0E2008C5372 /* rhd_atomwrapper.h in Headers */,
				F5D7BD28107BF0E2008C5372 /* rhd_biosscratch.h in Headers */,
				F5D7BD29107BF0E2008C5372 /* rhd_card.h in Headers */,
				F5D7BD2B107BF0E2008C5372 /* rhd_connector.h in Headers */,
				F5D7BD2D107BF0E2008C5372 /* rhd_crtc.h in Headers */,
				F5D7BD31107BF0E2008C5372 /* rhd_cursor.h in Headers */,
				F5D7BD3A107BF0E2008C5372 /* rhd_hdmi.h in Headers */,
				F5D7BD3D107BF0E2008C5372 /* rhd_i2c.h in Headers */,
				F5D7BD40107BF0E2008C5372 /* rhd_lut.h in Headers */,
				F5D7BD43107BF0E2008C5372 /* rhd_mc.h in Headers */,
				F5D7BD45107BF0E2008C5372 /* rhd_modes.h in Headers */,
				F5D7BD47107BF0E2008C5372 /* rhd_monitor.h in Headers */,
				F5D7BD49107BF0E2008C5372 /* rhd_output.h in Headers */,
				F5D7BD4B107BF0E2008C5372 /* rhd_pll.h in Headers */,
				F5D7BD4D107BF0E2008C5372 /* rhd_pm.h in Headers */,
				F5D7BD50107BF0E2008C5372 /* rhd_regs.h in Headers */,
				F5D7BD55107BF0E2008C5372 /* rhd_vga.h in Headers */,
				F5D7BD73107BF22A008C5372 /* ddcPriv.h in Headers */,
				F5D7BD75107BF22A008C5372 /* edid.h in Headers */,
				F5D7BD77107BF22A008C5372 /* xf86.h in Headers */,
				F5D7BD79107BF22A008C5372 /* xf86DDC.h in Headers */,
				F5D7BD7B107BF22A008C5372 /* xf86i2c.h in Headers */,
				F5D7BD7D107BF22A008C5372 /* xf86str.h in Headers */,
				F5F9C0BF1081078E00071706 /* atombios.h in Headers */,
				F5F9C0C01081078E00071706 /* CD_binding.h in Headers */,
				F5F9C0C11081078E00071706 /* CD_Common_Types.h in Headers */,
				F5F9C0C21081078E00071706 /* CD_Definitions.h in Headers */,
				F5F9C0C31081078E00071706 /* CD_hw_services.h in Headers */,
				F5F9C0C41081078E00071706 /* CD_Opcodes.h in Headers */,
				F5F9C0C51081078E00071706 /* CD_Structs.h in Headers */,
				F5F9C0C61081078E00071706 /* Decoder.h in Headers */,
				F5F9C0C71081078E00071706 /* ObjectID.h in Headers */,
				F5F9C0C81081078E00071706 /* regsdef.h in Headers */,
				F522B2CD1210A0FB005D74D2 /* IOMacOSTypes.h in Headers */,
				F522B2CE1210A0FB005D74D2 /* IOMacOSVideo.h in Headers */,
				F522B2CF1210A0FB005D74D2 /* IONDRV.h in Headers */,
				F522B2D01210A0FB005D74D2 /* IONDRVFramebuffer.h in Headers */,
				F522B2D11210A0FB005D74D2 /* IONDRVLibraries.h in Headers */,
				F522B2D21210A0FB005D74D2 /* IONDRVSupport.h in Headers */,
				F522B2DA1210A10D005D74D2 /* IOMacOSTypes.h in Headers */,
				F522B2DB1210A10D005D74D2 /* IOMacOSVideo.h in Headers */,
				F522B2DC1210A10D005D74D2 /* IONDRV.h in Headers */,
				F522B2DD1210A10D005D74D2 /* IONDRVFramebuffer.h in Headers */,
				F522B2DE1210A10D005D74D2 /* IONDRVLibraries.h in Headers */,
				F522B2DF1210A10D005D74D2 /* IONDRVSupport.h in Headers */,
				F522B2E81210A167005D74D2 /* OS_Version.h in Headers */,
				F5FD803E1381D22F0021C21F /* RadeonController.h in Headers */,
				F5FDC5DA1383171F00BA2506 /* logMsg.h in Headers */,
				F5FDC5DF1383171F00BA2506 /* RadeonDump.h in Headers */,
				F5FDC5E41383171F00BA2506 /* Shared.h in Headers */,
				F5FDC62713831B5400BA2506 /* RadeonDumpClient.h in Headers */,
			);
			runOnlyForDeploymentPostprocessing = 0;
		};
/* End PBXHeadersBuildPhase section */

/* Begin PBXNativeTarget section */
		32D94FC30562CBF700B6AF17 /* RadeonHD */ = {
			isa = PBXNativeTarget;
			buildConfigurationList = 1DEB91D908733DB10010E9CD /* Build configuration list for PBXNativeTarget "RadeonHD" */;
			buildPhases = (
				32D94FC50562CBF700B6AF17 /* Headers */,
				32D94FC70562CBF700B6AF17 /* Resources */,
				32D94FC90562CBF700B6AF17 /* Sources */,
				32D94FCB0562CBF700B6AF17 /* Frameworks */,
				32D94FCC0562CBF700B6AF17 /* Rez */,
			);
			buildRules = (
			);
			dependencies = (
			);
			name = RadeonHD;
			productInstallPath = "$(SYSTEM_LIBRARY_DIR)/Extensions";
			productName = RadeonHD;
			productReference = 32D94FD00562CBF700B6AF17 /* RadeonHD.kext */;
			productType = "com.apple.product-type.kernel-extension.iokit";
		};
/* End PBXNativeTarget section */

/* Begin PBXProject section */
		089C1669FE841209C02AAC07 /* Project object */ = {
			isa = PBXProject;
			buildConfigurationList = 1DEB91DD08733DB10010E9CD /* Build configuration list for PBXProject "RadeonHD" */;
			compatibilityVersion = "Xcode 3.1";
			developmentRegion = English;
			hasScannedForEncodings = 1;
			knownRegions = (
				English,
				Japanese,
				French,
				German,
			);
			mainGroup = 089C166AFE841209C02AAC07 /* RadeonHD */;
			projectDirPath = "";
			projectRoot = "";
			targets = (
				32D94FC30562CBF700B6AF17 /* RadeonHD */,
			);
		};
/* End PBXProject section */

/* Begin PBXResourcesBuildPhase section */
		32D94FC70562CBF700B6AF17 /* Resources */ = {
			isa = PBXResourcesBuildPhase;
			buildActionMask = 2147483647;
			files = (
				32D94FC80562CBF700B6AF17 /* InfoPlist.strings in Resources */,
			);
			runOnlyForDeploymentPostprocessing = 0;
		};
/* End PBXResourcesBuildPhase section */

/* Begin PBXRezBuildPhase section */
		32D94FCC0562CBF700B6AF17 /* Rez */ = {
			isa = PBXRezBuildPhase;
			buildActionMask = 2147483647;
			files = (
			);
			runOnlyForDeploymentPostprocessing = 0;
		};
/* End PBXRezBuildPhase section */

/* Begin PBXSourcesBuildPhase section */
		32D94FC90562CBF700B6AF17 /* Sources */ = {
			isa = PBXSourcesBuildPhase;
			buildActionMask = 2147483647;
			files = (
				32D94FCA0562CBF700B6AF17 /* RadeonHD.cpp in Sources */,
				F5D7BD1D107BF0E2008C5372 /* rhd_atombios.c in Sources */,
				F5D7BD1F107BF0E2008C5372 /* rhd_atomcrtc.c in Sources */,
				F5D7BD20107BF0E2008C5372 /* rhd_atomout.c in Sources */,
				F5D7BD22107BF0E2008C5372 /* rhd_atompll.c in Sources */,
				F5D7BD23107BF0E2008C5372 /* rhd_atomwrapper.c in Sources */,
				F5D7BD27107BF0E2008C5372 /* rhd_biosscratch.c in Sources */,
				F5D7BD2A107BF0E2008C5372 /* rhd_connector.c in Sources */,
				F5D7BD2C107BF0E2008C5372 /* rhd_crtc.c in Sources */,
				F5D7BD30107BF0E2008C5372 /* rhd_cursor.c in Sources */,
				F5D7BD32107BF0E2008C5372 /* rhd_dac.c in Sources */,
				F5D7BD33107BF0E2008C5372 /* rhd_ddia.c in Sources */,
				F5D7BD34107BF0E2008C5372 /* rhd_dig.c in Sources */,
				F5D7BD37107BF0E2008C5372 /* rhd_driver.c in Sources */,
				F5D7BD38107BF0E2008C5372 /* rhd_edid.c in Sources */,
				F5D7BD39107BF0E2008C5372 /* rhd_hdmi.c in Sources */,
				F5D7BD3B107BF0E2008C5372 /* rhd_helper.c in Sources */,
				F5D7BD3C107BF0E2008C5372 /* rhd_i2c.c in Sources */,
				F5D7BD3E107BF0E2008C5372 /* rhd_id.c in Sources */,
				F5D7BD3F107BF0E2008C5372 /* rhd_lut.c in Sources */,
				F5D7BD41107BF0E2008C5372 /* rhd_lvtma.c in Sources */,
				F5D7BD42107BF0E2008C5372 /* rhd_mc.c in Sources */,
				F5D7BD44107BF0E2008C5372 /* rhd_modes.c in Sources */,
				F5D7BD46107BF0E2008C5372 /* rhd_monitor.c in Sources */,
				F5D7BD48107BF0E2008C5372 /* rhd_output.c in Sources */,
				F5D7BD4A107BF0E2008C5372 /* rhd_pll.c in Sources */,
				F5D7BD4C107BF0E2008C5372 /* rhd_pm.c in Sources */,
				F5D7BD53107BF0E2008C5372 /* rhd_tmds.c in Sources */,
				F5D7BD54107BF0E2008C5372 /* rhd_vga.c in Sources */,
				F5D7BD74107BF22A008C5372 /* edid.c in Sources */,
				F5D7BD76107BF22A008C5372 /* interpret_edid.c in Sources */,
				F5D7BD78107BF22A008C5372 /* xf86DDC.c in Sources */,
				F5D7BD7A107BF22A008C5372 /* xf86i2c.c in Sources */,
				F5D7BDD2107C062C008C5372 /* xf86_helper.c in Sources */,
				F5F9C0BC1081078E00071706 /* CD_Operations.c in Sources */,
				F5F9C0BE1081078E00071706 /* hwserv_drv.c in Sources */,
				F5DABEF610877B0600E72F2B /* xf86Screens.c in Sources */,
				F533845A10AA20A600E48CFE /* Decoder.c in Sources */,
				F5FD803F1381D22F0021C21F /* RadeonController.cpp in Sources */,
				F5FDC5D91383171F00BA2506 /* logMsg.c in Sources */,
				F5FDC5DD1383171F00BA2506 /* RadeonDump.cpp in Sources */,
				F5FDC62613831B5400BA2506 /* RadeonDumpClient.cpp in Sources */,
			);
			runOnlyForDeploymentPostprocessing = 0;
		};
/* End PBXSourcesBuildPhase section */

/* Begin PBXVariantGroup section */
		089C167DFE841241C02AAC07 /* InfoPlist.strings */ = {
			isa = PBXVariantGroup;
			children = (
				089C167EFE841241C02AAC07 /* English */,
			);
			name = InfoPlist.strings;
			sourceTree = "<group>";
		};
/* End PBXVariantGroup section */

/* Begin XCBuildConfiguration section */
		1DEB91DA08733DB10010E9CD /* Debug */ = {
			isa = XCBuildConfiguration;
			buildSettings = {
				ALWAYS_SEARCH_USER_PATHS = NO;
				ARCHS = "$(ARCHS_STANDARD_32_64_BIT)";
				COPY_PHASE_STRIP = NO;
				CURRENT_PROJECT_VERSION = 1.0.0d1;
				DEBUG_INFORMATION_FORMAT = "dwarf-with-dsym";
				GCC_DYNAMIC_NO_PIC = NO;
				GCC_MODEL_TUNING = G5;
				GCC_OPTIMIZATION_LEVEL = 0;
				INFOPLIST_FILE = Info.plist;
				INSTALL_PATH = "$(SYSTEM_LIBRARY_DIR)/Extensions";
				MODULE_NAME = com.yourcompany.driver.RadeonHD;
				MODULE_VERSION = 1.0.0d1;
				PRODUCT_NAME = RadeonHD;
				SDKROOT = macosx10.6;
				VALID_ARCHS = "i386 x86_64";
				WRAPPER_EXTENSION = kext;
			};
			name = Debug;
		};
		1DEB91DB08733DB10010E9CD /* Release */ = {
			isa = XCBuildConfiguration;
			buildSettings = {
				ALWAYS_SEARCH_USER_PATHS = NO;
				CURRENT_PROJECT_VERSION = 1.0.0d1;
				DEBUG_INFORMATION_FORMAT = "dwarf-with-dsym";
				GCC_MODEL_TUNING = G5;
				INFOPLIST_FILE = Info.plist;
				INSTALL_PATH = "$(SYSTEM_LIBRARY_DIR)/Extensions";
				MODULE_NAME = com.yourcompany.driver.RadeonHD;
				MODULE_VERSION = 1.0.0d1;
				PRODUCT_NAME = RadeonHD;
				WRAPPER_EXTENSION = kext;
			};
			name = Release;
		};
		1DEB91DE08733DB10010E9CD /* Debug */ = {
			isa = XCBuildConfiguration;
			buildSettings = {
				ARCHS = "$(ARCHS_STANDARD_32_64_BIT)";
				GCC_C_LANGUAGE_STANDARD = gnu99;
				GCC_OPTIMIZATION_LEVEL = 0;
				GCC_WARN_ABOUT_RETURN_TYPE = YES;
				GCC_WARN_UNUSED_VARIABLE = YES;
				ONLY_ACTIVE_ARCH = YES;
				PREBINDING = NO;
				SDKROOT = macosx10.6;
			};
			name = Debug;
		};
		1DEB91DF08733DB10010E9CD /* Release */ = {
			isa = XCBuildConfiguration;
			buildSettings = {
				ARCHS = "$(ARCHS_STANDARD_32_64_BIT)";
				GCC_C_LANGUAGE_STANDARD = gnu99;
				GCC_WARN_ABOUT_RETURN_TYPE = YES;
				GCC_WARN_UNUSED_VARIABLE = YES;
				PREBINDING = NO;
				SDKROOT = macosx10.6;
			};
			name = Release;
		};
/* End XCBuildConfiguration section */

/* Begin XCConfigurationList section */
		1DEB91D908733DB10010E9CD /* Build configuration list for PBXNativeTarget "RadeonHD" */ = {
			isa = XCConfigurationList;
			buildConfigurations = (
				1DEB91DA08733DB10010E9CD /* Debug */,
				1DEB91DB08733DB10010E9CD /* Release */,
			);
			defaultConfigurationIsVisible = 0;
			defaultConfigurationName = Release;
		};
		1DEB91DD08733DB10010E9CD /* Build configuration list for PBXProject "RadeonHD" */ = {
			isa = XCConfigurationList;
			buildConfigurations = (
				1DEB91DE08733DB10010E9CD /* Debug */,
				1DEB91DF08733DB10010E9CD /* Release */,
			);
			defaultConfigurationIsVisible = 0;
			defaultConfigurationName = Release;
		};
/* End XCConfigurationList section */
	};
	rootObject = 089C1669FE841209C02AAC07 /* Project object */;
}
